
Microsoft Visual Studio Solution File, Format Version 12.00
# Visual Studio 2013
VisualStudioVersion = 12.0.40629.0
MinimumVisualStudioVersion = 10.0.40219.1
Project("{FAE04EC0-301F-11D3-BF4B-00C04F79EFBC}") = "UseThread", "UseThread\UseThread.csproj", "{815F5B7C-BC5B-4D08-8F17-02EFF7E685CC}"
EndProject
Global
	GlobalSection(SolutionConfigurationPlatforms) = preSolution
		Debug|Any CPU = Debug|Any CPU
		Release|Any CPU = Release|Any CPU
	EndGlobalSection
	GlobalSection(ProjectConfigurationPlatforms) = postSolution
		{815F5B7C-BC5B-4D08-8F17-02EFF7E685CC}.Debug|Any CPU.ActiveCfg = Debug|Any CPU
		{815F5B7C-BC5B-4D08-8F17-02EFF7E685CC}.Debug|Any CPU.Build.0 = Debug|Any CPU
		{815F5B7C-BC5B-4D08-8F17-02EFF7E685CC}.Release|Any CPU.ActiveCfg = Release|Any CPU
		{815F5B7C-BC5B-4D08-8F17-02EFF7E685CC}.Release|Any CPU.Build.0 = Release|Any CPU
	EndGlobalSection
	GlobalSection(SolutionProperties) = preSolution
		HideSolutionNode = FALSE
	EndGlobalSection
EndGlobal
